
Microsoft Visual Studio Solution File, Format Version 12.00
# Visual Studio Version 17
VisualStudioVersion = 17.3.32929.385
MinimumVisualStudioVersion = 10.0.40219.1
Project("{FAE04EC0-301F-11D3-BF4B-00C04F79EFBC}") = "ASCII ART", "ASCII ART.csproj", "{BF7B15A8-FD54-42B2-A03F-99012D9393E2}"
EndProject
Global
	GlobalSection(SolutionConfigurationPlatforms) = preSolution
		Debug|Any CPU = Debug|Any CPU
		Release|Any CPU = Release|Any CPU
	EndGlobalSection
	GlobalSection(ProjectConfigurationPlatforms) = postSolution
		{BF7B15A8-FD54-42B2-A03F-99012D9393E2}.Debug|Any CPU.ActiveCfg = Debug|Any CPU
		{BF7B15A8-FD54-42B2-A03F-99012D9393E2}.Debug|Any CPU.Build.0 = Debug|Any CPU
		{BF7B15A8-FD54-42B2-A03F-99012D9393E2}.Release|Any CPU.ActiveCfg = Release|Any CPU
		{BF7B15A8-FD54-42B2-A03F-99012D9393E2}.Release|Any CPU.Build.0 = Release|Any CPU
	EndGlobalSection
	GlobalSection(SolutionProperties) = preSolution
		HideSolutionNode = FALSE
	EndGlobalSection
	GlobalSection(ExtensibilityGlobals) = postSolution
		SolutionGuid = {DB55DE73-7A0B-4B1F-B841-9E43947416D7}
	EndGlobalSection
EndGlobal
